
Microsoft Visual Studio Solution File, Format Version 12.00
# Visual Studio Version 17
VisualStudioVersion = 17.8.34525.116
MinimumVisualStudioVersion = 10.0.40219.1
Project("{FAE04EC0-301F-11D3-BF4B-00C04F79EFBC}") = "Swaed", "Swaed.csproj", "{E8192BF4-5FFE-4A6D-A7DD-EDC775C3DC01}"
EndProject
Global
	GlobalSection(SolutionConfigurationPlatforms) = preSolution
		Debug|Any CPU = Debug|Any CPU
		Release|Any CPU = Release|Any CPU
	EndGlobalSection
	GlobalSection(ProjectConfigurationPlatforms) = postSolution
		{E8192BF4-5FFE-4A6D-A7DD-EDC775C3DC01}.Debug|Any CPU.ActiveCfg = Debug|Any CPU
		{E8192BF4-5FFE-4A6D-A7DD-EDC775C3DC01}.Debug|Any CPU.Build.0 = Debug|Any CPU
		{E8192BF4-5FFE-4A6D-A7DD-EDC775C3DC01}.Release|Any CPU.ActiveCfg = Release|Any CPU
		{E8192BF4-5FFE-4A6D-A7DD-EDC775C3DC01}.Release|Any CPU.Build.0 = Release|Any CPU
	EndGlobalSection
	GlobalSection(SolutionProperties) = preSolution
		HideSolutionNode = FALSE
	EndGlobalSection
	GlobalSection(ExtensibilityGlobals) = postSolution
		SolutionGuid = {5891F8BB-A9CA-41D7-A505-46443AF7746D}
	EndGlobalSection
EndGlobal
